
Microsoft Visual Studio Solution File, Format Version 12.00
# Visual Studio Version 16
VisualStudioVersion = 25.0.1705.3
MinimumVisualStudioVersion = 10.0.40219.1
Project("{FAE04EC0-301F-11D3-BF4B-00C04F79EFBC}") = "Variables", "Variables\Variables.csproj", "{444EA221-0149-46D7-9C2F-B81A964C7F22}"
EndProject
Global
	GlobalSection(SolutionConfigurationPlatforms) = preSolution
		Debug|Any CPU = Debug|Any CPU
		Release|Any CPU = Release|Any CPU
	EndGlobalSection
	GlobalSection(ProjectConfigurationPlatforms) = postSolution
		{444EA221-0149-46D7-9C2F-B81A964C7F22}.Debug|Any CPU.ActiveCfg = Debug|Any CPU
		{444EA221-0149-46D7-9C2F-B81A964C7F22}.Debug|Any CPU.Build.0 = Debug|Any CPU
		{444EA221-0149-46D7-9C2F-B81A964C7F22}.Release|Any CPU.ActiveCfg = Release|Any CPU
		{444EA221-0149-46D7-9C2F-B81A964C7F22}.Release|Any CPU.Build.0 = Release|Any CPU
	EndGlobalSection
	GlobalSection(SolutionProperties) = preSolution
		HideSolutionNode = FALSE
	EndGlobalSection
	GlobalSection(ExtensibilityGlobals) = postSolution
		SolutionGuid = {1AFEB73E-51E7-4F22-8491-FE1640D62B57}
	EndGlobalSection
EndGlobal
